<?xml version="1.0" encoding="utf-8"?>
<Project ToolsVersion="4.0" xmlns="http://schemas.microsoft.com/developer/msbuild/2003">
  <ItemGroup>
    <Filter Include="Source Files">
      <UniqueIdentifier>{4FC737F1-C7A5-4376-A066-2A32D752A2FF}</UniqueIdentifier>
      <Extensions>cpp;c;cc;cxx;c++;cppm;ixx;def;odl;idl;hpj;bat;asm;asmx</Extensions>
    </Filter>
    <Filter Include="Header Files">
      <UniqueIdentifier>{93995380-89BD-4b04-88EB-625FBE52EBFB}</UniqueIdentifier>
      <Extensions>h;hh;hpp;hxx;h++;hm;inl;inc;ipp;xsd</Extensions>
    </Filter>
    <Filter Include="Resource Files">
      <UniqueIdentifier>{67DA6AB6-F800-4c08-8B7A-83BB121AAD01}</UniqueIdentifier>
      <Extensions>rc;ico;cur;bmp;dlg;rc2;rct;bin;rgs;gif;jpg;jpeg;jpe;resx;tiff;tif;png;wav;mfcribbon-ms</Extensions>
    </Filter>
  </ItemGroup>
  <ItemGroup>
    <ClCompile Include="Program.cpp">
      <Filter>Source Files</Filter>
    </ClCompile>
    <ClCompile Include="Topic_StringView.cpp">
      <Filter>Source Files</Filter>
    </ClCompile>
    <ClCompile Include="Topic_SSO.cpp">
      <Filter>Source Files</Filter>
    </ClCompile>
    <ClCompile Include="Topic_InitializerList.cpp">
      <Filter>Source Files</Filter>
    </ClCompile>
    <ClCompile Include="Topic_InitializerList_Vergleich.cpp">
      <Filter>Source Files</Filter>
    </ClCompile>
    <ClCompile Include="..\LoggerUtility\Logger.cpp">
      <Filter>Source Files</Filter>
    </ClCompile>
    <ClCompile Include="Topic_constexpr.cpp">
      <Filter>Source Files</Filter>
    </ClCompile>
    <ClCompile Include="Topic_constexpr_CRC.cpp">
      <Filter>Source Files</Filter>
    </ClCompile>
    <ClCompile Include="Topic_Copy_Move_Elision.cpp">
      <Filter>Source Files</Filter>
    </ClCompile>
    <ClCompile Include="Topic_STL_Algorithmen.cpp">
      <Filter>Source Files</Filter>
    </ClCompile>
    <ClCompile Include="Topic_Array_Performanz.cpp">
      <Filter>Source Files</Filter>
    </ClCompile>
    <ClCompile Include="Topic_NeueStilistik_Initialisierung.cpp">
      <Filter>Source Files</Filter>
    </ClCompile>
    <ClCompile Include="Topic_auto.cpp">
      <Filter>Source Files</Filter>
    </ClCompile>
    <ClCompile Include="Topic_Lambdas.cpp">
      <Filter>Source Files</Filter>
    </ClCompile>
    <ClCompile Include="Topic_Generic_Functions.cpp">
      <Filter>Source Files</Filter>
    </ClCompile>
    <ClCompile Include="Topic_std_array.cpp">
      <Filter>Source Files</Filter>
    </ClCompile>
    <ClCompile Include="Topic_RValue.cpp">
      <Filter>Source Files</Filter>
    </ClCompile>
    <ClCompile Include="Topic_MoveSemantics.cpp">
      <Filter>Source Files</Filter>
    </ClCompile>
    <ClCompile Include="Topic_VariadicTemplates.cpp">
      <Filter>Source Files</Filter>
    </ClCompile>
    <ClCompile Include="Topic_Folding.cpp">
      <Filter>Source Files</Filter>
    </ClCompile>
    <ClCompile Include="Topic_Variant.cpp">
      <Filter>Source Files</Filter>
    </ClCompile>
  </ItemGroup>
</Project>